{
    "_meta": {
        "hash": {
            "sha256": "c5b3e37bd1f04e6d8ed8f640e3683bc97db00382fa8705bda9afdb0715f77136"
        },
        "pipfile-spec": 6,
        "requires": {
            "python_version": "3.7"
        },
        "sources": [
            {
                "name": "pypi",
                "url": "https://pypi.org/simple",
                "verify_ssl": true
            }
        ]
    },
    "default": {
        "bearlibterminal": {
            "hashes": [
                "sha256:8c48d0d046d6efcac3bbdd6db736f5896695d462a883af4a40a460e306f08fc5",
                "sha256:ad95ef42ea7d733dda43b64213676e39cd3e0b311fd72034e509fd036fa82f41",
                "sha256:b89b347c5e9f5327ccd23832c6df1f8a163b4762b654c28ceb7207f5e3f4f411",
                "sha256:c6cde8992148364b8d7142c885dce0eac704d7a222af80c4b23d10e167efc9ef",
                "sha256:f1ccb6e374cb030f3605120a4d648ffe48084b6f8173a17a6f3696efd489791a"
            ],
            "index": "pypi",
            "version": "==0.15.7"
        }
    },
    "develop": {}
}
